// !$*UTF8*$!
{
	archiveVersion = 1;
	classes = {
	};
	objectVersion = 55;
	objects = {

/* Begin PBXBuildFile section */
		07EDEB4FD562954B0FCD2F7E /* Pods_UnsplashPhoto.framework in Frameworks */ = {isa = PBXBuildFile; fileRef = F50CBA7D477D61B442001F39 /* Pods_UnsplashPhoto.framework */; };
		BD040002284FC3F800E9B0B7 /* DatabaseManager.swift in Sources */ = {isa = PBXBuildFile; fileRef = BD040001284FC3F800E9B0B7 /* DatabaseManager.swift */; };
		BD04FFDD284FBD2900E9B0B7 /* PhotoDatabase.xcdatamodeld in Sources */ = {isa = PBXBuildFile; fileRef = BD04FFDB284FBD2800E9B0B7 /* PhotoDatabase.xcdatamodeld */; };
		BD1364FA284C611A00B90E4C /* ImageCollectionViewCell.swift in Sources */ = {isa = PBXBuildFile; fileRef = BD1364F9284C611A00B90E4C /* ImageCollectionViewCell.swift */; };
		BD1364FC284CB79600B90E4C /* DetailPhotoViewController.swift in Sources */ = {isa = PBXBuildFile; fileRef = BD1364FB284CB79600B90E4C /* DetailPhotoViewController.swift */; };
		BD17A6D8284BCB7200CDCD2B /* AppDelegate.swift in Sources */ = {isa = PBXBuildFile; fileRef = BD17A6D7284BCB7200CDCD2B /* AppDelegate.swift */; };
		BD17A6DC284BCB7200CDCD2B /* TabBarController.swift in Sources */ = {isa = PBXBuildFile; fileRef = BD17A6DB284BCB7200CDCD2B /* TabBarController.swift */; };
		BD17A6E1284BCB7400CDCD2B /* Assets.xcassets in Resources */ = {isa = PBXBuildFile; fileRef = BD17A6E0284BCB7400CDCD2B /* Assets.xcassets */; };
		BD17A6F1284BCFAF00CDCD2B /* MainViewController.swift in Sources */ = {isa = PBXBuildFile; fileRef = BD17A6F0284BCFAF00CDCD2B /* MainViewController.swift */; };
		BD17A6F3284BCFC300CDCD2B /* FavoriteViewController.swift in Sources */ = {isa = PBXBuildFile; fileRef = BD17A6F2284BCFC300CDCD2B /* FavoriteViewController.swift */; };
		BD17A6F5284BE0E300CDCD2B /* ApiResponse.swift in Sources */ = {isa = PBXBuildFile; fileRef = BD17A6F4284BE0E300CDCD2B /* ApiResponse.swift */; };
		BD17A6F7284BE21E00CDCD2B /* NetworkManager.swift in Sources */ = {isa = PBXBuildFile; fileRef = BD17A6F6284BE21E00CDCD2B /* NetworkManager.swift */; };
		BD879AAC284E1E5B00EEC165 /* CustomTableViewCell.swift in Sources */ = {isa = PBXBuildFile; fileRef = BD879AAB284E1E5B00EEC165 /* CustomTableViewCell.swift */; };
/* End PBXBuildFile section */

/* Begin PBXFileReference section */
		BD040001284FC3F800E9B0B7 /* DatabaseManager.swift */ = {isa = PBXFileReference; lastKnownFileType = sourcecode.swift; path = DatabaseManager.swift; sourceTree = "<group>"; };
		BD04FFDC284FBD2900E9B0B7 /* PhotoDatabase.xcdatamodel */ = {isa = PBXFileReference; lastKnownFileType = wrapper.xcdatamodel; path = PhotoDatabase.xcdatamodel; sourceTree = "<group>"; };
		BD1364F9284C611A00B90E4C /* ImageCollectionViewCell.swift */ = {isa = PBXFileReference; lastKnownFileType = sourcecode.swift; path = ImageCollectionViewCell.swift; sourceTree = "<group>"; };
		BD1364FB284CB79600B90E4C /* DetailPhotoViewController.swift */ = {isa = PBXFileReference; lastKnownFileType = sourcecode.swift; path = DetailPhotoViewController.swift; sourceTree = "<group>"; };
		BD17A6D4284BCB7200CDCD2B /* UnsplashPhoto.app */ = {isa = PBXFileReference; explicitFileType = wrapper.application; includeInIndex = 0; path = UnsplashPhoto.app; sourceTree = BUILT_PRODUCTS_DIR; };
		BD17A6D7284BCB7200CDCD2B /* AppDelegate.swift */ = {isa = PBXFileReference; lastKnownFileType = sourcecode.swift; path = AppDelegate.swift; sourceTree = "<group>"; };
		BD17A6DB284BCB7200CDCD2B /* TabBarController.swift */ = {isa = PBXFileReference; lastKnownFileType = sourcecode.swift; path = TabBarController.swift; sourceTree = "<group>"; };
		BD17A6E0284BCB7400CDCD2B /* Assets.xcassets */ = {isa = PBXFileReference; lastKnownFileType = folder.assetcatalog; path = Assets.xcassets; sourceTree = "<group>"; };
		BD17A6E5284BCB7400CDCD2B /* Info.plist */ = {isa = PBXFileReference; lastKnownFileType = text.plist.xml; path = Info.plist; sourceTree = "<group>"; };
		BD17A6F0284BCFAF00CDCD2B /* MainViewController.swift */ = {isa = PBXFileReference; lastKnownFileType = sourcecode.swift; path = MainViewController.swift; sourceTree = "<group>"; };
		BD17A6F2284BCFC300CDCD2B /* FavoriteViewController.swift */ = {isa = PBXFileReference; lastKnownFileType = sourcecode.swift; path = FavoriteViewController.swift; sourceTree = "<group>"; };
		BD17A6F4284BE0E300CDCD2B /* ApiResponse.swift */ = {isa = PBXFileReference; lastKnownFileType = sourcecode.swift; path = ApiResponse.swift; sourceTree = "<group>"; };
		BD17A6F6284BE21E00CDCD2B /* NetworkManager.swift */ = {isa = PBXFileReference; lastKnownFileType = sourcecode.swift; path = NetworkManager.swift; sourceTree = "<group>"; };
		BD879AAB284E1E5B00EEC165 /* CustomTableViewCell.swift */ = {isa = PBXFileReference; lastKnownFileType = sourcecode.swift; path = CustomTableViewCell.swift; sourceTree = "<group>"; };
		E5E711E4D1A09D9986A7EC25 /* Pods-UnsplashPhoto.release.xcconfig */ = {isa = PBXFileReference; includeInIndex = 1; lastKnownFileType = text.xcconfig; name = "Pods-UnsplashPhoto.release.xcconfig"; path = "Target Support Files/Pods-UnsplashPhoto/Pods-UnsplashPhoto.release.xcconfig"; sourceTree = "<group>"; };
		F50CBA7D477D61B442001F39 /* Pods_UnsplashPhoto.framework */ = {isa = PBXFileReference; explicitFileType = wrapper.framework; includeInIndex = 0; path = Pods_UnsplashPhoto.framework; sourceTree = BUILT_PRODUCTS_DIR; };
		F6F26A87C75DA66DD922BB90 /* Pods-UnsplashPhoto.debug.xcconfig */ = {isa = PBXFileReference; includeInIndex = 1; lastKnownFileType = text.xcconfig; name = "Pods-UnsplashPhoto.debug.xcconfig"; path = "Target Support Files/Pods-UnsplashPhoto/Pods-UnsplashPhoto.debug.xcconfig"; sourceTree = "<group>"; };
/* End PBXFileReference section */

/* Begin PBXFrameworksBuildPhase section */
		BD17A6D1284BCB7200CDCD2B /* Frameworks */ = {
			isa = PBXFrameworksBuildPhase;
			buildActionMask = 2147483647;
			files = (
				07EDEB4FD562954B0FCD2F7E /* Pods_UnsplashPhoto.framework in Frameworks */,
			);
			runOnlyForDeploymentPostprocessing = 0;
		};
/* End PBXFrameworksBuildPhase section */

/* Begin PBXGroup section */
		0E2C4C151D3A5DFBDB186106 /* Pods */ = {
			isa = PBXGroup;
			children = (
				F6F26A87C75DA66DD922BB90 /* Pods-UnsplashPhoto.debug.xcconfig */,
				E5E711E4D1A09D9986A7EC25 /* Pods-UnsplashPhoto.release.xcconfig */,
			);
			path = Pods;
			sourceTree = "<group>";
		};
		5083FDAEAB423999538D86A7 /* Frameworks */ = {
			isa = PBXGroup;
			children = (
				F50CBA7D477D61B442001F39 /* Pods_UnsplashPhoto.framework */,
			);
			name = Frameworks;
			sourceTree = "<group>";
		};
		BD17A6CB284BCB7200CDCD2B = {
			isa = PBXGroup;
			children = (
				BD17A6D6284BCB7200CDCD2B /* UnsplashPhoto */,
				BD17A6D5284BCB7200CDCD2B /* Products */,
				0E2C4C151D3A5DFBDB186106 /* Pods */,
				5083FDAEAB423999538D86A7 /* Frameworks */,
			);
			sourceTree = "<group>";
		};
		BD17A6D5284BCB7200CDCD2B /* Products */ = {
			isa = PBXGroup;
			children = (
				BD17A6D4284BCB7200CDCD2B /* UnsplashPhoto.app */,
			);
			name = Products;
			sourceTree = "<group>";
		};
		BD17A6D6284BCB7200CDCD2B /* UnsplashPhoto */ = {
			isa = PBXGroup;
			children = (
				BD17A6EC284BCC3100CDCD2B /* ViewControllers */,
				BD17A6EF284BCCC400CDCD2B /* Models */,
				BD17A6EE284BCCB800CDCD2B /* Services */,
				BD17A6ED284BCC5600CDCD2B /* App */,
				BD17A6EB284BCBAF00CDCD2B /* Resource */,
			);
			path = UnsplashPhoto;
			sourceTree = "<group>";
		};
		BD17A6EB284BCBAF00CDCD2B /* Resource */ = {
			isa = PBXGroup;
			children = (
				BD17A6E0284BCB7400CDCD2B /* Assets.xcassets */,
			);
			path = Resource;
			sourceTree = "<group>";
		};
		BD17A6EC284BCC3100CDCD2B /* ViewControllers */ = {
			isa = PBXGroup;
			children = (
				BD17A6DB284BCB7200CDCD2B /* TabBarController.swift */,
				BD17A6F0284BCFAF00CDCD2B /* MainViewController.swift */,
				BD17A6F2284BCFC300CDCD2B /* FavoriteViewController.swift */,
				BD879AAB284E1E5B00EEC165 /* CustomTableViewCell.swift */,
				BD1364F9284C611A00B90E4C /* ImageCollectionViewCell.swift */,
				BD1364FB284CB79600B90E4C /* DetailPhotoViewController.swift */,
				BD04FFDB284FBD2800E9B0B7 /* PhotoDatabase.xcdatamodeld */,
			);
			path = ViewControllers;
			sourceTree = "<group>";
		};
		BD17A6ED284BCC5600CDCD2B /* App */ = {
			isa = PBXGroup;
			children = (
				BD17A6D7284BCB7200CDCD2B /* AppDelegate.swift */,
				BD17A6E5284BCB7400CDCD2B /* Info.plist */,
			);
			path = App;
			sourceTree = "<group>";
		};
		BD17A6EE284BCCB800CDCD2B /* Services */ = {
			isa = PBXGroup;
			children = (
				BD17A6F6284BE21E00CDCD2B /* NetworkManager.swift */,
				BD040001284FC3F800E9B0B7 /* DatabaseManager.swift */,
			);
			path = Services;
			sourceTree = "<group>";
		};
		BD17A6EF284BCCC400CDCD2B /* Models */ = {
			isa = PBXGroup;
			children = (
				BD17A6F4284BE0E300CDCD2B /* ApiResponse.swift */,
			);
			path = Models;
			sourceTree = "<group>";
		};
/* End PBXGroup section */

/* Begin PBXNativeTarget section */
		BD17A6D3284BCB7200CDCD2B /* UnsplashPhoto */ = {
			isa = PBXNativeTarget;
			buildConfigurationList = BD17A6E8284BCB7400CDCD2B /* Build configuration list for PBXNativeTarget "UnsplashPhoto" */;
			buildPhases = (
				158A6B7AB83B144BE6D4CDA5 /* [CP] Check Pods Manifest.lock */,
				BD17A6D0284BCB7200CDCD2B /* Sources */,
				BD17A6D1284BCB7200CDCD2B /* Frameworks */,
				BD17A6D2284BCB7200CDCD2B /* Resources */,
				B853BF14574245262839C9AA /* [CP] Embed Pods Frameworks */,
			);
			buildRules = (
			);
			dependencies = (
			);
			name = UnsplashPhoto;
			productName = UnsplashPhoto;
			productReference = BD17A6D4284BCB7200CDCD2B /* UnsplashPhoto.app */;
			productType = "com.apple.product-type.application";
		};
/* End PBXNativeTarget section */

/* Begin PBXProject section */
		BD17A6CC284BCB7200CDCD2B /* Project object */ = {
			isa = PBXProject;
			attributes = {
				BuildIndependentTargetsInParallel = 1;
				LastSwiftUpdateCheck = 1320;
				LastUpgradeCheck = 1320;
				TargetAttributes = {
					BD17A6D3284BCB7200CDCD2B = {
						CreatedOnToolsVersion = 13.2.1;
					};
				};
			};
			buildConfigurationList = BD17A6CF284BCB7200CDCD2B /* Build configuration list for PBXProject "UnsplashPhoto" */;
			compatibilityVersion = "Xcode 13.0";
			developmentRegion = en;
			hasScannedForEncodings = 0;
			knownRegions = (
				en,
				Base,
			);
			mainGroup = BD17A6CB284BCB7200CDCD2B;
			productRefGroup = BD17A6D5284BCB7200CDCD2B /* Products */;
			projectDirPath = "";
			projectRoot = "";
			targets = (
				BD17A6D3284BCB7200CDCD2B /* UnsplashPhoto */,
			);
		};
/* End PBXProject section */

/* Begin PBXResourcesBuildPhase section */
		BD17A6D2284BCB7200CDCD2B /* Resources */ = {
			isa = PBXResourcesBuildPhase;
			buildActionMask = 2147483647;
			files = (
				BD17A6E1284BCB7400CDCD2B /* Assets.xcassets in Resources */,
			);
			runOnlyForDeploymentPostprocessing = 0;
		};
/* End PBXResourcesBuildPhase section */

/* Begin PBXShellScriptBuildPhase section */
		158A6B7AB83B144BE6D4CDA5 /* [CP] Check Pods Manifest.lock */ = {
			isa = PBXShellScriptBuildPhase;
			buildActionMask = 2147483647;
			files = (
			);
			inputFileListPaths = (
			);
			inputPaths = (
				"${PODS_PODFILE_DIR_PATH}/Podfile.lock",
				"${PODS_ROOT}/Manifest.lock",
			);
			name = "[CP] Check Pods Manifest.lock";
			outputFileListPaths = (
			);
			outputPaths = (
				"$(DERIVED_FILE_DIR)/Pods-UnsplashPhoto-checkManifestLockResult.txt",
			);
			runOnlyForDeploymentPostprocessing = 0;
			shellPath = /bin/sh;
			shellScript = "diff \"${PODS_PODFILE_DIR_PATH}/Podfile.lock\" \"${PODS_ROOT}/Manifest.lock\" > /dev/null\nif [ $? != 0 ] ; then\n    # print error to STDERR\n    echo \"error: The sandbox is not in sync with the Podfile.lock. Run 'pod install' or update your CocoaPods installation.\" >&2\n    exit 1\nfi\n# This output is used by Xcode 'outputs' to avoid re-running this script phase.\necho \"SUCCESS\" > \"${SCRIPT_OUTPUT_FILE_0}\"\n";
			showEnvVarsInLog = 0;
		};
		B853BF14574245262839C9AA /* [CP] Embed Pods Frameworks */ = {
			isa = PBXShellScriptBuildPhase;
			buildActionMask = 2147483647;
			files = (
			);
			inputFileListPaths = (
				"${PODS_ROOT}/Target Support Files/Pods-UnsplashPhoto/Pods-UnsplashPhoto-frameworks-${CONFIGURATION}-input-files.xcfilelist",
			);
			name = "[CP] Embed Pods Frameworks";
			outputFileListPaths = (
				"${PODS_ROOT}/Target Support Files/Pods-UnsplashPhoto/Pods-UnsplashPhoto-frameworks-${CONFIGURATION}-output-files.xcfilelist",
			);
			runOnlyForDeploymentPostprocessing = 0;
			shellPath = /bin/sh;
			shellScript = "\"${PODS_ROOT}/Target Support Files/Pods-UnsplashPhoto/Pods-UnsplashPhoto-frameworks.sh\"\n";
			showEnvVarsInLog = 0;
		};
/* End PBXShellScriptBuildPhase section */

/* Begin PBXSourcesBuildPhase section */
		BD17A6D0284BCB7200CDCD2B /* Sources */ = {
			isa = PBXSourcesBuildPhase;
			buildActionMask = 2147483647;
			files = (
				BD879AAC284E1E5B00EEC165 /* CustomTableViewCell.swift in Sources */,
				BD040002284FC3F800E9B0B7 /* DatabaseManager.swift in Sources */,
				BD04FFDD284FBD2900E9B0B7 /* PhotoDatabase.xcdatamodeld in Sources */,
				BD17A6F1284BCFAF00CDCD2B /* MainViewController.swift in Sources */,
				BD17A6DC284BCB7200CDCD2B /* TabBarController.swift in Sources */,
				BD17A6D8284BCB7200CDCD2B /* AppDelegate.swift in Sources */,
				BD1364FA284C611A00B90E4C /* ImageCollectionViewCell.swift in Sources */,
				BD17A6F3284BCFC300CDCD2B /* FavoriteViewController.swift in Sources */,
				BD17A6F7284BE21E00CDCD2B /* NetworkManager.swift in Sources */,
				BD1364FC284CB79600B90E4C /* DetailPhotoViewController.swift in Sources */,
				BD17A6F5284BE0E300CDCD2B /* ApiResponse.swift in Sources */,
			);
			runOnlyForDeploymentPostprocessing = 0;
		};
/* End PBXSourcesBuildPhase section */

/* Begin XCBuildConfiguration section */
		BD17A6E6284BCB7400CDCD2B /* Debug */ = {
			isa = XCBuildConfiguration;
			buildSettings = {
				ALWAYS_SEARCH_USER_PATHS = NO;
				CLANG_ANALYZER_NONNULL = YES;
				CLANG_ANALYZER_NUMBER_OBJECT_CONVERSION = YES_AGGRESSIVE;
				CLANG_CXX_LANGUAGE_STANDARD = "gnu++17";
				CLANG_CXX_LIBRARY = "libc++";
				CLANG_ENABLE_MODULES = YES;
				CLANG_ENABLE_OBJC_ARC = YES;
				CLANG_ENABLE_OBJC_WEAK = YES;
				CLANG_WARN_BLOCK_CAPTURE_AUTORELEASING = YES;
				CLANG_WARN_BOOL_CONVERSION = YES;
				CLANG_WARN_COMMA = YES;
				CLANG_WARN_CONSTANT_CONVERSION = YES;
				CLANG_WARN_DEPRECATED_OBJC_IMPLEMENTATIONS = YES;
				CLANG_WARN_DIRECT_OBJC_ISA_USAGE = YES_ERROR;
				CLANG_WARN_DOCUMENTATION_COMMENTS = YES;
				CLANG_WARN_EMPTY_BODY = YES;
				CLANG_WARN_ENUM_CONVERSION = YES;
				CLANG_WARN_INFINITE_RECURSION = YES;
				CLANG_WARN_INT_CONVERSION = YES;
				CLANG_WARN_NON_LITERAL_NULL_CONVERSION = YES;
				CLANG_WARN_OBJC_IMPLICIT_RETAIN_SELF = YES;
				CLANG_WARN_OBJC_LITERAL_CONVERSION = YES;
				CLANG_WARN_OBJC_ROOT_CLASS = YES_ERROR;
				CLANG_WARN_QUOTED_INCLUDE_IN_FRAMEWORK_HEADER = YES;
				CLANG_WARN_RANGE_LOOP_ANALYSIS = YES;
				CLANG_WARN_STRICT_PROTOTYPES = YES;
				CLANG_WARN_SUSPICIOUS_MOVE = YES;
				CLANG_WARN_UNGUARDED_AVAILABILITY = YES_AGGRESSIVE;
				CLANG_WARN_UNREACHABLE_CODE = YES;
				CLANG_WARN__DUPLICATE_METHOD_MATCH = YES;
				COPY_PHASE_STRIP = NO;
				DEBUG_INFORMATION_FORMAT = dwarf;
				ENABLE_STRICT_OBJC_MSGSEND = YES;
				ENABLE_TESTABILITY = YES;
				GCC_C_LANGUAGE_STANDARD = gnu11;
				GCC_DYNAMIC_NO_PIC = NO;
				GCC_NO_COMMON_BLOCKS = YES;
				GCC_OPTIMIZATION_LEVEL = 0;
				GCC_PREPROCESSOR_DEFINITIONS = (
					"DEBUG=1",
					"$(inherited)",
				);
				GCC_WARN_64_TO_32_BIT_CONVERSION = YES;
				GCC_WARN_ABOUT_RETURN_TYPE = YES_ERROR;
				GCC_WARN_UNDECLARED_SELECTOR = YES;
				GCC_WARN_UNINITIALIZED_AUTOS = YES_AGGRESSIVE;
				GCC_WARN_UNUSED_FUNCTION = YES;
				GCC_WARN_UNUSED_VARIABLE = YES;
				IPHONEOS_DEPLOYMENT_TARGET = 15.2;
				MTL_ENABLE_DEBUG_INFO = INCLUDE_SOURCE;
				MTL_FAST_MATH = YES;
				ONLY_ACTIVE_ARCH = YES;
				SDKROOT = iphoneos;
				SWIFT_ACTIVE_COMPILATION_CONDITIONS = DEBUG;
				SWIFT_OPTIMIZATION_LEVEL = "-Onone";
			};
			name = Debug;
		};
		BD17A6E7284BCB7400CDCD2B /* Release */ = {
			isa = XCBuildConfiguration;
			buildSettings = {
				ALWAYS_SEARCH_USER_PATHS = NO;
				CLANG_ANALYZER_NONNULL = YES;
				CLANG_ANALYZER_NUMBER_OBJECT_CONVERSION = YES_AGGRESSIVE;
				CLANG_CXX_LANGUAGE_STANDARD = "gnu++17";
				CLANG_CXX_LIBRARY = "libc++";
				CLANG_ENABLE_MODULES = YES;
				CLANG_ENABLE_OBJC_ARC = YES;
				CLANG_ENABLE_OBJC_WEAK = YES;
				CLANG_WARN_BLOCK_CAPTURE_AUTORELEASING = YES;
				CLANG_WARN_BOOL_CONVERSION = YES;
				CLANG_WARN_COMMA = YES;
				CLANG_WARN_CONSTANT_CONVERSION = YES;
				CLANG_WARN_DEPRECATED_OBJC_IMPLEMENTATIONS = YES;
				CLANG_WARN_DIRECT_OBJC_ISA_USAGE = YES_ERROR;
				CLANG_WARN_DOCUMENTATION_COMMENTS = YES;
				CLANG_WARN_EMPTY_BODY = YES;
				CLANG_WARN_ENUM_CONVERSION = YES;
				CLANG_WARN_INFINITE_RECURSION = YES;
				CLANG_WARN_INT_CONVERSION = YES;
				CLANG_WARN_NON_LITERAL_NULL_CONVERSION = YES;
				CLANG_WARN_OBJC_IMPLICIT_RETAIN_SELF = YES;
				CLANG_WARN_OBJC_LITERAL_CONVERSION = YES;
				CLANG_WARN_OBJC_ROOT_CLASS = YES_ERROR;
				CLANG_WARN_QUOTED_INCLUDE_IN_FRAMEWORK_HEADER = YES;
				CLANG_WARN_RANGE_LOOP_ANALYSIS = YES;
				CLANG_WARN_STRICT_PROTOTYPES = YES;
				CLANG_WARN_SUSPICIOUS_MOVE = YES;
				CLANG_WARN_UNGUARDED_AVAILABILITY = YES_AGGRESSIVE;
				CLANG_WARN_UNREACHABLE_CODE = YES;
				CLANG_WARN__DUPLICATE_METHOD_MATCH = YES;
				COPY_PHASE_STRIP = NO;
				DEBUG_INFORMATION_FORMAT = "dwarf-with-dsym";
				ENABLE_NS_ASSERTIONS = NO;
				ENABLE_STRICT_OBJC_MSGSEND = YES;
				GCC_C_LANGUAGE_STANDARD = gnu11;
				GCC_NO_COMMON_BLOCKS = YES;
				GCC_WARN_64_TO_32_BIT_CONVERSION = YES;
				GCC_WARN_ABOUT_RETURN_TYPE = YES_ERROR;
				GCC_WARN_UNDECLARED_SELECTOR = YES;
				GCC_WARN_UNINITIALIZED_AUTOS = YES_AGGRESSIVE;
				GCC_WARN_UNUSED_FUNCTION = YES;
				GCC_WARN_UNUSED_VARIABLE = YES;
				IPHONEOS_DEPLOYMENT_TARGET = 15.2;
				MTL_ENABLE_DEBUG_INFO = NO;
				MTL_FAST_MATH = YES;
				SDKROOT = iphoneos;
				SWIFT_COMPILATION_MODE = wholemodule;
				SWIFT_OPTIMIZATION_LEVEL = "-O";
				VALIDATE_PRODUCT = YES;
			};
			name = Release;
		};
		BD17A6E9284BCB7400CDCD2B /* Debug */ = {
			isa = XCBuildConfiguration;
			baseConfigurationReference = F6F26A87C75DA66DD922BB90 /* Pods-UnsplashPhoto.debug.xcconfig */;
			buildSettings = {
				ASSETCATALOG_COMPILER_APPICON_NAME = AppIcon;
				ASSETCATALOG_COMPILER_GLOBAL_ACCENT_COLOR_NAME = AccentColor;
				CODE_SIGN_STYLE = Automatic;
				CURRENT_PROJECT_VERSION = 1;
				DEVELOPMENT_TEAM = P745L5C6BY;
				GENERATE_INFOPLIST_FILE = YES;
				INFOPLIST_FILE = UnsplashPhoto/App/Info.plist;
				INFOPLIST_KEY_UIApplicationSupportsIndirectInputEvents = YES;
				INFOPLIST_KEY_UILaunchStoryboardName = LaunchScreen;
				INFOPLIST_KEY_UISupportedInterfaceOrientations_iPad = "UIInterfaceOrientationPortrait UIInterfaceOrientationPortraitUpsideDown UIInterfaceOrientationLandscapeLeft UIInterfaceOrientationLandscapeRight";
				INFOPLIST_KEY_UISupportedInterfaceOrientations_iPhone = "UIInterfaceOrientationPortrait UIInterfaceOrientationLandscapeLeft UIInterfaceOrientationLandscapeRight";
				LD_RUNPATH_SEARCH_PATHS = (
					"$(inherited)",
					"@executable_path/Frameworks",
				);
				MARKETING_VERSION = 1.0;
				PRODUCT_BUNDLE_IDENTIFIER = Kvashnin.UnsplashPhoto;
				PRODUCT_NAME = "$(TARGET_NAME)";
				SWIFT_EMIT_LOC_STRINGS = YES;
				SWIFT_VERSION = 5.0;
				TARGETED_DEVICE_FAMILY = 1;
			};
			name = Debug;
		};
		BD17A6EA284BCB7400CDCD2B /* Release */ = {
			isa = XCBuildConfiguration;
			baseConfigurationReference = E5E711E4D1A09D9986A7EC25 /* Pods-UnsplashPhoto.release.xcconfig */;
			buildSettings = {
				ASSETCATALOG_COMPILER_APPICON_NAME = AppIcon;
				ASSETCATALOG_COMPILER_GLOBAL_ACCENT_COLOR_NAME = AccentColor;
				CODE_SIGN_STYLE = Automatic;
				CURRENT_PROJECT_VERSION = 1;
				DEVELOPMENT_TEAM = P745L5C6BY;
				GENERATE_INFOPLIST_FILE = YES;
				INFOPLIST_FILE = UnsplashPhoto/App/Info.plist;
				INFOPLIST_KEY_UIApplicationSupportsIndirectInputEvents = YES;
				INFOPLIST_KEY_UILaunchStoryboardName = LaunchScreen;
				INFOPLIST_KEY_UISupportedInterfaceOrientations_iPad = "UIInterfaceOrientationPortrait UIInterfaceOrientationPortraitUpsideDown UIInterfaceOrientationLandscapeLeft UIInterfaceOrientationLandscapeRight";
				INFOPLIST_KEY_UISupportedInterfaceOrientations_iPhone = "UIInterfaceOrientationPortrait UIInterfaceOrientationLandscapeLeft UIInterfaceOrientationLandscapeRight";
				LD_RUNPATH_SEARCH_PATHS = (
					"$(inherited)",
					"@executable_path/Frameworks",
				);
				MARKETING_VERSION = 1.0;
				PRODUCT_BUNDLE_IDENTIFIER = Kvashnin.UnsplashPhoto;
				PRODUCT_NAME = "$(TARGET_NAME)";
				SWIFT_EMIT_LOC_STRINGS = YES;
				SWIFT_VERSION = 5.0;
				TARGETED_DEVICE_FAMILY = 1;
			};
			name = Release;
		};
/* End XCBuildConfiguration section */

/* Begin XCConfigurationList section */
		BD17A6CF284BCB7200CDCD2B /* Build configuration list for PBXProject "UnsplashPhoto" */ = {
			isa = XCConfigurationList;
			buildConfigurations = (
				BD17A6E6284BCB7400CDCD2B /* Debug */,
				BD17A6E7284BCB7400CDCD2B /* Release */,
			);
			defaultConfigurationIsVisible = 0;
			defaultConfigurationName = Release;
		};
		BD17A6E8284BCB7400CDCD2B /* Build configuration list for PBXNativeTarget "UnsplashPhoto" */ = {
			isa = XCConfigurationList;
			buildConfigurations = (
				BD17A6E9284BCB7400CDCD2B /* Debug */,
				BD17A6EA284BCB7400CDCD2B /* Release */,
			);
			defaultConfigurationIsVisible = 0;
			defaultConfigurationName = Release;
		};
/* End XCConfigurationList section */

/* Begin XCVersionGroup section */
		BD04FFDB284FBD2800E9B0B7 /* PhotoDatabase.xcdatamodeld */ = {
			isa = XCVersionGroup;
			children = (
				BD04FFDC284FBD2900E9B0B7 /* PhotoDatabase.xcdatamodel */,
			);
			currentVersion = BD04FFDC284FBD2900E9B0B7 /* PhotoDatabase.xcdatamodel */;
			path = PhotoDatabase.xcdatamodeld;
			sourceTree = "<group>";
			versionGroupType = wrapper.xcdatamodel;
		};
/* End XCVersionGroup section */
	};
	rootObject = BD17A6CC284BCB7200CDCD2B /* Project object */;
}
